PODS:
  - TT_BasicAnimationTool (0.1.0)

DEPENDENCIES:
  - TT_BasicAnimationTool

SPEC REPOS:
  https://github.com/fantengteng/TT_Repo.git:
    - TT_BasicAnimationTool

SPEC CHECKSUMS:
  TT_BasicAnimationTool: c924f1c46335f95e1b9ad50e1405c3a03f3f4416

PODFILE CHECKSUM: 8f58aafe5fabc6c701fb8954b00ba981d01e922e

COCOAPODS: 1.5.3
